
Microsoft Visual Studio Solution File, Format Version 12.00
# Visual Studio Version 17
VisualStudioVersion = 17.5.2.0
MinimumVisualStudioVersion = 10.0.40219.1
Project("{FAE04EC0-301F-11D3-BF4B-00C04F79EFBC}") = "TimeHud", "TimeHud.csproj", "{48DCAE08-6ACF-1E45-EFED-4ABC074D9D0C}"
EndProject
Project("{FAE04EC0-301F-11D3-BF4B-00C04F79EFBC}") = "TimeHud.Tests", "..\TimeHud.Tests\TimeHud.Tests.csproj", "{F95E0D9A-D8C4-4105-9597-E557C30D5DB2}"
EndProject
Global
	GlobalSection(SolutionConfigurationPlatforms) = preSolution
		Debug|Any CPU = Debug|Any CPU
		Debug|x64 = Debug|x64
		Debug|x86 = Debug|x86
		Release|Any CPU = Release|Any CPU
		Release|x64 = Release|x64
		Release|x86 = Release|x86
	EndGlobalSection
	GlobalSection(ProjectConfigurationPlatforms) = postSolution
		{48DCAE08-6ACF-1E45-EFED-4ABC074D9D0C}.Debug|Any CPU.ActiveCfg = Debug|Any CPU
		{48DCAE08-6ACF-1E45-EFED-4ABC074D9D0C}.Debug|Any CPU.Build.0 = Debug|Any CPU
		{48DCAE08-6ACF-1E45-EFED-4ABC074D9D0C}.Debug|x64.ActiveCfg = Debug|Any CPU
		{48DCAE08-6ACF-1E45-EFED-4ABC074D9D0C}.Debug|x64.Build.0 = Debug|Any CPU
		{48DCAE08-6ACF-1E45-EFED-4ABC074D9D0C}.Debug|x86.ActiveCfg = Debug|Any CPU
		{48DCAE08-6ACF-1E45-EFED-4ABC074D9D0C}.Debug|x86.Build.0 = Debug|Any CPU
		{48DCAE08-6ACF-1E45-EFED-4ABC074D9D0C}.Release|Any CPU.ActiveCfg = Release|Any CPU
		{48DCAE08-6ACF-1E45-EFED-4ABC074D9D0C}.Release|Any CPU.Build.0 = Release|Any CPU
		{48DCAE08-6ACF-1E45-EFED-4ABC074D9D0C}.Release|x64.ActiveCfg = Release|Any CPU
		{48DCAE08-6ACF-1E45-EFED-4ABC074D9D0C}.Release|x64.Build.0 = Release|Any CPU
		{48DCAE08-6ACF-1E45-EFED-4ABC074D9D0C}.Release|x86.ActiveCfg = Release|Any CPU
		{48DCAE08-6ACF-1E45-EFED-4ABC074D9D0C}.Release|x86.Build.0 = Release|Any CPU
		{F95E0D9A-D8C4-4105-9597-E557C30D5DB2}.Debug|Any CPU.ActiveCfg = Debug|Any CPU
		{F95E0D9A-D8C4-4105-9597-E557C30D5DB2}.Debug|Any CPU.Build.0 = Debug|Any CPU
		{F95E0D9A-D8C4-4105-9597-E557C30D5DB2}.Debug|x64.ActiveCfg = Debug|Any CPU
		{F95E0D9A-D8C4-4105-9597-E557C30D5DB2}.Debug|x64.Build.0 = Debug|Any CPU
		{F95E0D9A-D8C4-4105-9597-E557C30D5DB2}.Debug|x86.ActiveCfg = Debug|Any CPU
		{F95E0D9A-D8C4-4105-9597-E557C30D5DB2}.Debug|x86.Build.0 = Debug|Any CPU
		{F95E0D9A-D8C4-4105-9597-E557C30D5DB2}.Release|Any CPU.ActiveCfg = Release|Any CPU
		{F95E0D9A-D8C4-4105-9597-E557C30D5DB2}.Release|Any CPU.Build.0 = Release|Any CPU
		{F95E0D9A-D8C4-4105-9597-E557C30D5DB2}.Release|x64.ActiveCfg = Release|Any CPU
		{F95E0D9A-D8C4-4105-9597-E557C30D5DB2}.Release|x64.Build.0 = Release|Any CPU
		{F95E0D9A-D8C4-4105-9597-E557C30D5DB2}.Release|x86.ActiveCfg = Release|Any CPU
		{F95E0D9A-D8C4-4105-9597-E557C30D5DB2}.Release|x86.Build.0 = Release|Any CPU
	EndGlobalSection
	GlobalSection(SolutionProperties) = preSolution
		HideSolutionNode = FALSE
	EndGlobalSection
	GlobalSection(ExtensibilityGlobals) = postSolution
		SolutionGuid = {52E75CCB-5005-405E-9704-9973D4049086}
	EndGlobalSection
EndGlobal
